
Microsoft Visual Studio Solution File, Format Version 12.00
# Visual Studio Version 17
VisualStudioVersion = 17.8.34316.72
MinimumVisualStudioVersion = 10.0.40219.1
Project("{FAE04EC0-301F-11D3-BF4B-00C04F79EFBC}") = "CleanDiskSpace", "CleanDiskSpace.csproj", "{4C7F9E6C-9244-409C-954D-C2B753C0D793}"
EndProject
Global
	GlobalSection(SolutionConfigurationPlatforms) = preSolution
		Debug|Any CPU = Debug|Any CPU
		Release|Any CPU = Release|Any CPU
	EndGlobalSection
	GlobalSection(ProjectConfigurationPlatforms) = postSolution
		{4C7F9E6C-9244-409C-954D-C2B753C0D793}.Debug|Any CPU.ActiveCfg = Debug|Any CPU
		{4C7F9E6C-9244-409C-954D-C2B753C0D793}.Debug|Any CPU.Build.0 = Debug|Any CPU
		{4C7F9E6C-9244-409C-954D-C2B753C0D793}.Release|Any CPU.ActiveCfg = Release|Any CPU
		{4C7F9E6C-9244-409C-954D-C2B753C0D793}.Release|Any CPU.Build.0 = Release|Any CPU
	EndGlobalSection
	GlobalSection(SolutionProperties) = preSolution
		HideSolutionNode = FALSE
	EndGlobalSection
	GlobalSection(ExtensibilityGlobals) = postSolution
		SolutionGuid = {D7E8181C-39D7-4BA6-996E-0E4D01FBAEEE}
	EndGlobalSection
EndGlobal
